
Microsoft Visual Studio Solution File, Format Version 12.00
# Visual Studio Version 16
VisualStudioVersion = 16.0.30114.105
MinimumVisualStudioVersion = 10.0.40219.1
Project("{FAE04EC0-301F-11D3-BF4B-00C04F79EFBC}") = "CoreLibrary", "CoreLibrary\CoreLibrary.csproj", "{39D4E895-E0F6-43FC-B2D4-7A7F43D18283}"
EndProject
Project("{FAE04EC0-301F-11D3-BF4B-00C04F79EFBC}") = "Functions", "Functions\Functions.csproj", "{6A807452-F5FC-4C32-BBD1-169576F697AF}"
EndProject
Project("{FAE04EC0-301F-11D3-BF4B-00C04F79EFBC}") = "CLI", "CLI\CLI.csproj", "{CF95C55C-97F2-441A-AD9D-69F29333B968}"
EndProject
Project("{FAE04EC0-301F-11D3-BF4B-00C04F79EFBC}") = "CoreLibraryTest", "CoreLibraryTest\CoreLibraryTest.csproj", "{942E8FF5-5969-483B-8597-9E29C685FE4A}"
EndProject
Project("{FAE04EC0-301F-11D3-BF4B-00C04F79EFBC}") = "PortCosmosRepository", "PortCosmosRepository\PortCosmosRepository.csproj", "{36C4BFEB-B29B-4248-BB45-D3A0A3FD8A7A}"
EndProject
Global
	GlobalSection(SolutionConfigurationPlatforms) = preSolution
		Debug|Any CPU = Debug|Any CPU
		Release|Any CPU = Release|Any CPU
	EndGlobalSection
	GlobalSection(SolutionProperties) = preSolution
		HideSolutionNode = FALSE
	EndGlobalSection
	GlobalSection(ProjectConfigurationPlatforms) = postSolution
		{39D4E895-E0F6-43FC-B2D4-7A7F43D18283}.Debug|Any CPU.ActiveCfg = Debug|Any CPU
		{39D4E895-E0F6-43FC-B2D4-7A7F43D18283}.Debug|Any CPU.Build.0 = Debug|Any CPU
		{39D4E895-E0F6-43FC-B2D4-7A7F43D18283}.Release|Any CPU.ActiveCfg = Release|Any CPU
		{39D4E895-E0F6-43FC-B2D4-7A7F43D18283}.Release|Any CPU.Build.0 = Release|Any CPU
		{6A807452-F5FC-4C32-BBD1-169576F697AF}.Debug|Any CPU.ActiveCfg = Debug|Any CPU
		{6A807452-F5FC-4C32-BBD1-169576F697AF}.Debug|Any CPU.Build.0 = Debug|Any CPU
		{6A807452-F5FC-4C32-BBD1-169576F697AF}.Release|Any CPU.ActiveCfg = Release|Any CPU
		{6A807452-F5FC-4C32-BBD1-169576F697AF}.Release|Any CPU.Build.0 = Release|Any CPU
		{CF95C55C-97F2-441A-AD9D-69F29333B968}.Debug|Any CPU.ActiveCfg = Debug|Any CPU
		{CF95C55C-97F2-441A-AD9D-69F29333B968}.Debug|Any CPU.Build.0 = Debug|Any CPU
		{CF95C55C-97F2-441A-AD9D-69F29333B968}.Release|Any CPU.ActiveCfg = Release|Any CPU
		{CF95C55C-97F2-441A-AD9D-69F29333B968}.Release|Any CPU.Build.0 = Release|Any CPU
		{942E8FF5-5969-483B-8597-9E29C685FE4A}.Debug|Any CPU.ActiveCfg = Debug|Any CPU
		{942E8FF5-5969-483B-8597-9E29C685FE4A}.Debug|Any CPU.Build.0 = Debug|Any CPU
		{942E8FF5-5969-483B-8597-9E29C685FE4A}.Release|Any CPU.ActiveCfg = Release|Any CPU
		{942E8FF5-5969-483B-8597-9E29C685FE4A}.Release|Any CPU.Build.0 = Release|Any CPU
		{36C4BFEB-B29B-4248-BB45-D3A0A3FD8A7A}.Debug|Any CPU.ActiveCfg = Debug|Any CPU
		{36C4BFEB-B29B-4248-BB45-D3A0A3FD8A7A}.Debug|Any CPU.Build.0 = Debug|Any CPU
		{36C4BFEB-B29B-4248-BB45-D3A0A3FD8A7A}.Release|Any CPU.ActiveCfg = Release|Any CPU
		{36C4BFEB-B29B-4248-BB45-D3A0A3FD8A7A}.Release|Any CPU.Build.0 = Release|Any CPU
	EndGlobalSection
EndGlobal
